
Microsoft Visual Studio Solution File, Format Version 12.00
# Visual Studio 15
VisualStudioVersion = 15.0.27703.2047
MinimumVisualStudioVersion = 10.0.40219.1
Project("{9A19103F-16F7-4668-BE54-9A1E7A4F7556}") = "NjGrid.DataAccess", "NjGrid.DataAccess\NjGrid.DataAccess.csproj", "{B989F00B-8174-4F00-B340-E8013749CAF8}"
EndProject
Project("{9A19103F-16F7-4668-BE54-9A1E7A4F7556}") = "NjGrid.Entity", "NjGrid.Entity\NjGrid.Entity.csproj", "{A192FE94-57EC-48E1-8E67-63748D8BFCE1}"
EndProject
Project("{9A19103F-16F7-4668-BE54-9A1E7A4F7556}") = "NjGrid.Services", "NjGrid.Services\NjGrid.Services.csproj", "{1CE04F63-3014-4AEE-9DC7-0069C8C6C42D}"
EndProject
Project("{9A19103F-16F7-4668-BE54-9A1E7A4F7556}") = "NjGrid.Repository", "NjGrid.Repository\NjGrid.Repository.csproj", "{A6748321-023F-4645-8D66-1D908DD7527E}"
EndProject
Project("{9A19103F-16F7-4668-BE54-9A1E7A4F7556}") = "NjGrid.Infrastructure", "NjGrid.Infrastructure\NjGrid.Infrastructure.csproj", "{06E79CEF-0471-4DB0-B5EE-21A94625D28E}"
EndProject
Project("{9A19103F-16F7-4668-BE54-9A1E7A4F7556}") = "NjGrid", "NjGrid\NjGrid.csproj", "{DAC4B655-8073-42BE-802D-5765A707ED0E}"
EndProject
Project("{FAE04EC0-301F-11D3-BF4B-00C04F79EFBC}") = "GenericProjectTest", "GenericProjectTest\GenericProjectTest.csproj", "{22EE6A42-F2EB-4707-9FFB-53B2F1A34230}"
EndProject
Global
	GlobalSection(SolutionConfigurationPlatforms) = preSolution
		Debug|Any CPU = Debug|Any CPU
		Release|Any CPU = Release|Any CPU
	EndGlobalSection
	GlobalSection(ProjectConfigurationPlatforms) = postSolution
		{B989F00B-8174-4F00-B340-E8013749CAF8}.Debug|Any CPU.ActiveCfg = Debug|Any CPU
		{B989F00B-8174-4F00-B340-E8013749CAF8}.Debug|Any CPU.Build.0 = Debug|Any CPU
		{B989F00B-8174-4F00-B340-E8013749CAF8}.Release|Any CPU.ActiveCfg = Release|Any CPU
		{B989F00B-8174-4F00-B340-E8013749CAF8}.Release|Any CPU.Build.0 = Release|Any CPU
		{A192FE94-57EC-48E1-8E67-63748D8BFCE1}.Debug|Any CPU.ActiveCfg = Debug|Any CPU
		{A192FE94-57EC-48E1-8E67-63748D8BFCE1}.Debug|Any CPU.Build.0 = Debug|Any CPU
		{A192FE94-57EC-48E1-8E67-63748D8BFCE1}.Release|Any CPU.ActiveCfg = Release|Any CPU
		{A192FE94-57EC-48E1-8E67-63748D8BFCE1}.Release|Any CPU.Build.0 = Release|Any CPU
		{1CE04F63-3014-4AEE-9DC7-0069C8C6C42D}.Debug|Any CPU.ActiveCfg = Debug|Any CPU
		{1CE04F63-3014-4AEE-9DC7-0069C8C6C42D}.Debug|Any CPU.Build.0 = Debug|Any CPU
		{1CE04F63-3014-4AEE-9DC7-0069C8C6C42D}.Release|Any CPU.ActiveCfg = Release|Any CPU
		{1CE04F63-3014-4AEE-9DC7-0069C8C6C42D}.Release|Any CPU.Build.0 = Release|Any CPU
		{A6748321-023F-4645-8D66-1D908DD7527E}.Debug|Any CPU.ActiveCfg = Debug|Any CPU
		{A6748321-023F-4645-8D66-1D908DD7527E}.Debug|Any CPU.Build.0 = Debug|Any CPU
		{A6748321-023F-4645-8D66-1D908DD7527E}.Release|Any CPU.ActiveCfg = Release|Any CPU
		{A6748321-023F-4645-8D66-1D908DD7527E}.Release|Any CPU.Build.0 = Release|Any CPU
		{06E79CEF-0471-4DB0-B5EE-21A94625D28E}.Debug|Any CPU.ActiveCfg = Debug|Any CPU
		{06E79CEF-0471-4DB0-B5EE-21A94625D28E}.Debug|Any CPU.Build.0 = Debug|Any CPU
		{06E79CEF-0471-4DB0-B5EE-21A94625D28E}.Release|Any CPU.ActiveCfg = Release|Any CPU
		{06E79CEF-0471-4DB0-B5EE-21A94625D28E}.Release|Any CPU.Build.0 = Release|Any CPU
		{DAC4B655-8073-42BE-802D-5765A707ED0E}.Debug|Any CPU.ActiveCfg = Debug|Any CPU
		{DAC4B655-8073-42BE-802D-5765A707ED0E}.Debug|Any CPU.Build.0 = Debug|Any CPU
		{DAC4B655-8073-42BE-802D-5765A707ED0E}.Release|Any CPU.ActiveCfg = Release|Any CPU
		{DAC4B655-8073-42BE-802D-5765A707ED0E}.Release|Any CPU.Build.0 = Release|Any CPU
		{22EE6A42-F2EB-4707-9FFB-53B2F1A34230}.Debug|Any CPU.ActiveCfg = Debug|Any CPU
		{22EE6A42-F2EB-4707-9FFB-53B2F1A34230}.Debug|Any CPU.Build.0 = Debug|Any CPU
		{22EE6A42-F2EB-4707-9FFB-53B2F1A34230}.Release|Any CPU.ActiveCfg = Release|Any CPU
		{22EE6A42-F2EB-4707-9FFB-53B2F1A34230}.Release|Any CPU.Build.0 = Release|Any CPU
	EndGlobalSection
	GlobalSection(SolutionProperties) = preSolution
		HideSolutionNode = FALSE
	EndGlobalSection
	GlobalSection(ExtensibilityGlobals) = postSolution
		SolutionGuid = {581ADE0A-88E0-414B-9EBD-19B6BB393B9C}
	EndGlobalSection
EndGlobal
