{
  "requires": true,
  "lockfileVersion": 1,
  "dependencies": {
    "ng6-bootstrap-modal": {
      "version": "1.0.2",
      "resolved": "https://registry.npmjs.org/ng6-bootstrap-modal/-/ng6-bootstrap-modal-1.0.2.tgz",
      "integrity": "sha512-wNByxfrynHqJoA3mDeEpDdbnLR363LvnsKz0+kB52kYknLK11WHwM/87b1SOCbg88yUvRRYC5JMGddtELUoBNw==",
      "requires": {
        "rxjs-compat": "^6.1.0"
      }
    },
    "rxjs-compat": {
      "version": "6.2.2",
      "resolved": "https://registry.npmjs.org/rxjs-compat/-/rxjs-compat-6.2.2.tgz",
      "integrity": "sha512-h113JzEXnqBd6JQ8TYg33oDuM3baZ9WKS49rtbMX0gBW2Kz0z4wDZ0/pCA0T9sRJM1HkZT6mt45gpYOJ2MqWYQ=="
    }
  }
}
