{
  "requires": true,
  "lockfileVersion": 1,
  "dependencies": {
    "@angular/cdk": {
      "version": "6.4.5",
      "resolved": "https://registry.npmjs.org/@angular/cdk/-/cdk-6.4.5.tgz",
      "integrity": "sha512-bbz8lHzY1NXPqrvHcZTOOD6+BiDNPKXC00xwzls62NPmiueBaWGwQdk7s3sa/0kCyq1ZKrPD3KQIDMyytxlzzw==",
      "requires": {
        "tslib": "^1.7.1"
      }
    },
    "@angular/common": {
      "version": "6.1.3",
      "resolved": "https://registry.npmjs.org/@angular/common/-/common-6.1.3.tgz",
      "integrity": "sha512-1V3pDdEty4hYsdpePlcNUE8rF1w1NP8LW6Q1ICNk86MI472W1U9ZTDFwCYcQYDiYMtzBrgXcnE1q6u1rqTdygQ==",
      "requires": {
        "tslib": "^1.9.0"
      }
    },
    "@angular/core": {
      "version": "6.1.3",
      "resolved": "https://registry.npmjs.org/@angular/core/-/core-6.1.3.tgz",
      "integrity": "sha512-pqRfQphqIEExhDWM3RRusvLY6gFN0zdITC7TqQy6Wof6VKgWOvfHiHPbiamw4kpEzflMekuOeNm0s6h6hIUnWA==",
      "requires": {
        "tslib": "^1.9.0"
      }
    },
    "@angular/material": {
      "version": "6.4.5",
      "resolved": "https://registry.npmjs.org/@angular/material/-/material-6.4.5.tgz",
      "integrity": "sha512-3wDRfGqlRSo3CBA1XuPXSz7zAwZF5kotXEgbZhIAocv+nsXa73DyPNceAQ++Pu7rFR3ipg6McyggP0OCOgv7NQ==",
      "requires": {
        "parse5": "^5.0.0",
        "tslib": "^1.7.1"
      }
    },
    "ng6-bootstrap-modal": {
      "version": "1.0.2",
      "resolved": "https://registry.npmjs.org/ng6-bootstrap-modal/-/ng6-bootstrap-modal-1.0.2.tgz",
      "integrity": "sha512-wNByxfrynHqJoA3mDeEpDdbnLR363LvnsKz0+kB52kYknLK11WHwM/87b1SOCbg88yUvRRYC5JMGddtELUoBNw==",
      "requires": {
        "rxjs-compat": "^6.1.0"
      }
    },
    "parse5": {
      "version": "5.1.0",
      "resolved": "https://registry.npmjs.org/parse5/-/parse5-5.1.0.tgz",
      "integrity": "sha512-fxNG2sQjHvlVAYmzBZS9YlDp6PTSSDwa98vkD4QgVDDCAo84z5X1t5XyJQ62ImdLXx5NdIIfihey6xpum9/gRQ=="
    },
    "rxjs": {
      "version": "6.2.2",
      "resolved": "https://registry.npmjs.org/rxjs/-/rxjs-6.2.2.tgz",
      "integrity": "sha512-0MI8+mkKAXZUF9vMrEoPnaoHkfzBPP4IGwUYRJhIRJF6/w3uByO1e91bEHn8zd43RdkTMKiooYKmwz7RH6zfOQ==",
      "requires": {
        "tslib": "^1.9.0"
      }
    },
    "rxjs-compat": {
      "version": "6.2.2",
      "resolved": "https://registry.npmjs.org/rxjs-compat/-/rxjs-compat-6.2.2.tgz",
      "integrity": "sha512-h113JzEXnqBd6JQ8TYg33oDuM3baZ9WKS49rtbMX0gBW2Kz0z4wDZ0/pCA0T9sRJM1HkZT6mt45gpYOJ2MqWYQ=="
    },
    "tslib": {
      "version": "1.9.3",
      "resolved": "https://registry.npmjs.org/tslib/-/tslib-1.9.3.tgz",
      "integrity": "sha512-4krF8scpejhaOgqzBEcGM7yDIEfi0/8+8zDRZhNZZ2kjmHJ4hv3zCbQWxoJGz1iw5U0Jl0nma13xzHXcncMavQ=="
    },
    "zone.js": {
      "version": "0.8.26",
      "resolved": "https://registry.npmjs.org/zone.js/-/zone.js-0.8.26.tgz",
      "integrity": "sha512-W9Nj+UmBJG251wkCacIkETgra4QgBo/vgoEkb4a2uoLzpQG7qF9nzwoLXWU5xj3Fg2mxGvEDh47mg24vXccYjA=="
    }
  }
}
